// !$*UTF8*$!
{
	archiveVersion = 1;
	classes = {
	};
	objectVersion = 46;
	objects = {

/* Begin PBXBuildFile section */
		64F991841B6F8DB400F0DC06 /* HomeViewController.m in Sources */ = {isa = PBXBuildFile; fileRef = 64F991821B6F8DB400F0DC06 /* HomeViewController.m */; };
		64F991851B6F8DB400F0DC06 /* HomeViewController.xib in Resources */ = {isa = PBXBuildFile; fileRef = 64F991831B6F8DB400F0DC06 /* HomeViewController.xib */; };
		796DBF781B6E050100A58967 /* AppDelegate.m in Sources */ = {isa = PBXBuildFile; fileRef = 796DBF771B6E050100A58967 /* AppDelegate.m */; };
		796DBF861B6E050100A58967 /* Images.xcassets in Resources */ = {isa = PBXBuildFile; fileRef = 796DBF851B6E050100A58967 /* Images.xcassets */; };
		796DBF891B6E050100A58967 /* LaunchScreen.xib in Resources */ = {isa = PBXBuildFile; fileRef = 796DBF871B6E050100A58967 /* LaunchScreen.xib */; };
		796DBF951B6E050100A58967 /* MyRecipesBookTests.m in Sources */ = {isa = PBXBuildFile; fileRef = 796DBF941B6E050100A58967 /* MyRecipesBookTests.m */; };
		796DBFA31B6E052700A58967 /* DetailViewController.m in Sources */ = {isa = PBXBuildFile; fileRef = 796DBFA01B6E052700A58967 /* DetailViewController.m */; };
		796DBFAC1B6E05E000A58967 /* NewRecipeViewController.m in Sources */ = {isa = PBXBuildFile; fileRef = 796DBFAA1B6E05E000A58967 /* NewRecipeViewController.m */; };
		796DBFAD1B6E05E000A58967 /* NewRecipeViewController.xib in Resources */ = {isa = PBXBuildFile; fileRef = 796DBFAB1B6E05E000A58967 /* NewRecipeViewController.xib */; };
		79DF792A1B6EB0AC00923545 /* RecipeCategory.m in Sources */ = {isa = PBXBuildFile; fileRef = 79DF791B1B6EB0AC00923545 /* RecipeCategory.m */; };
		79DF792B1B6EB0AC00923545 /* Ingredient.m in Sources */ = {isa = PBXBuildFile; fileRef = 79DF791D1B6EB0AC00923545 /* Ingredient.m */; };
		79DF792C1B6EB0AC00923545 /* IngredientQuantity.m in Sources */ = {isa = PBXBuildFile; fileRef = 79DF791F1B6EB0AC00923545 /* IngredientQuantity.m */; };
		79DF792D1B6EB0AC00923545 /* MyRecipesBook.xcdatamodeld in Sources */ = {isa = PBXBuildFile; fileRef = 79DF79201B6EB0AC00923545 /* MyRecipesBook.xcdatamodeld */; };
		79DF792E1B6EB0AC00923545 /* Recipe.m in Sources */ = {isa = PBXBuildFile; fileRef = 79DF79231B6EB0AC00923545 /* Recipe.m */; };
		79DF792F1B6EB0AC00923545 /* Step.m in Sources */ = {isa = PBXBuildFile; fileRef = 79DF79251B6EB0AC00923545 /* Step.m */; };
		79DF79301B6EB0AC00923545 /* SubCategory.m in Sources */ = {isa = PBXBuildFile; fileRef = 79DF79271B6EB0AC00923545 /* SubCategory.m */; };
		79DF79311B6EB0AC00923545 /* Tool.m in Sources */ = {isa = PBXBuildFile; fileRef = 79DF79291B6EB0AC00923545 /* Tool.m */; };
		79DF793C1B6EB32500923545 /* Default-568h@2x.png in Resources */ = {isa = PBXBuildFile; fileRef = 79DF793B1B6EB32500923545 /* Default-568h@2x.png */; };
		79DF79411B6EB41200923545 /* Info.plist in Resources */ = {isa = PBXBuildFile; fileRef = 79DF793E1B6EB41200923545 /* Info.plist */; };
		79DF79421B6EB41200923545 /* main.m in Sources */ = {isa = PBXBuildFile; fileRef = 79DF793F1B6EB41200923545 /* main.m */; };
		79DF79461B6EB53B00923545 /* CoreData.framework in Frameworks */ = {isa = PBXBuildFile; fileRef = 79DF79451B6EB53B00923545 /* CoreData.framework */; };
		79DF79491B6EB5AF00923545 /* Foundation.framework in Frameworks */ = {isa = PBXBuildFile; fileRef = 79DF79481B6EB5AF00923545 /* Foundation.framework */; };
/* End PBXBuildFile section */

/* Begin PBXContainerItemProxy section */
		796DBF8F1B6E050100A58967 /* PBXContainerItemProxy */ = {
			isa = PBXContainerItemProxy;
			containerPortal = 796DBF671B6E050100A58967 /* Project object */;
			proxyType = 1;
			remoteGlobalIDString = 796DBF6E1B6E050100A58967;
			remoteInfo = MyRecipesBook;
		};
/* End PBXContainerItemProxy section */

/* Begin PBXFileReference section */
		64F991811B6F8DB400F0DC06 /* HomeViewController.h */ = {isa = PBXFileReference; fileEncoding = 4; lastKnownFileType = sourcecode.c.h; path = HomeViewController.h; sourceTree = "<group>"; };
		64F991821B6F8DB400F0DC06 /* HomeViewController.m */ = {isa = PBXFileReference; fileEncoding = 4; lastKnownFileType = sourcecode.c.objc; path = HomeViewController.m; sourceTree = "<group>"; };
		64F991831B6F8DB400F0DC06 /* HomeViewController.xib */ = {isa = PBXFileReference; fileEncoding = 4; lastKnownFileType = file.xib; path = HomeViewController.xib; sourceTree = "<group>"; };
		796DBF6F1B6E050100A58967 /* MyRecipesBook.app */ = {isa = PBXFileReference; explicitFileType = wrapper.application; includeInIndex = 0; path = MyRecipesBook.app; sourceTree = BUILT_PRODUCTS_DIR; };
		796DBF761B6E050100A58967 /* AppDelegate.h */ = {isa = PBXFileReference; lastKnownFileType = sourcecode.c.h; path = AppDelegate.h; sourceTree = "<group>"; };
		796DBF771B6E050100A58967 /* AppDelegate.m */ = {isa = PBXFileReference; lastKnownFileType = sourcecode.c.objc; path = AppDelegate.m; sourceTree = "<group>"; };
		796DBF851B6E050100A58967 /* Images.xcassets */ = {isa = PBXFileReference; lastKnownFileType = folder.assetcatalog; path = Images.xcassets; sourceTree = "<group>"; };
		796DBF881B6E050100A58967 /* Base */ = {isa = PBXFileReference; lastKnownFileType = file.xib; name = Base; path = Base.lproj/LaunchScreen.xib; sourceTree = "<group>"; };
		796DBF8E1B6E050100A58967 /* MyRecipesBookTests.xctest */ = {isa = PBXFileReference; explicitFileType = wrapper.cfbundle; includeInIndex = 0; path = MyRecipesBookTests.xctest; sourceTree = BUILT_PRODUCTS_DIR; };
		796DBF931B6E050100A58967 /* Info.plist */ = {isa = PBXFileReference; lastKnownFileType = text.plist.xml; path = Info.plist; sourceTree = "<group>"; };
		796DBF941B6E050100A58967 /* MyRecipesBookTests.m */ = {isa = PBXFileReference; lastKnownFileType = sourcecode.c.objc; path = MyRecipesBookTests.m; sourceTree = "<group>"; };
		796DBFA01B6E052700A58967 /* DetailViewController.m */ = {isa = PBXFileReference; fileEncoding = 4; lastKnownFileType = sourcecode.c.objc; name = DetailViewController.m; path = Class/DetailViewController.m; sourceTree = "<group>"; };
		796DBFA11B6E052700A58967 /* DetailViewController.h */ = {isa = PBXFileReference; fileEncoding = 4; lastKnownFileType = sourcecode.c.h; name = DetailViewController.h; path = Class/DetailViewController.h; sourceTree = "<group>"; };
		796DBFA91B6E05E000A58967 /* NewRecipeViewController.h */ = {isa = PBXFileReference; fileEncoding = 4; lastKnownFileType = sourcecode.c.h; name = NewRecipeViewController.h; path = Class/NewRecipe/NewRecipeViewController.h; sourceTree = "<group>"; };
		796DBFAA1B6E05E000A58967 /* NewRecipeViewController.m */ = {isa = PBXFileReference; fileEncoding = 4; lastKnownFileType = sourcecode.c.objc; name = NewRecipeViewController.m; path = Class/NewRecipe/NewRecipeViewController.m; sourceTree = "<group>"; };
		796DBFAB1B6E05E000A58967 /* NewRecipeViewController.xib */ = {isa = PBXFileReference; fileEncoding = 4; lastKnownFileType = file.xib; name = NewRecipeViewController.xib; path = Class/NewRecipe/NewRecipeViewController.xib; sourceTree = "<group>"; };
		79DF791A1B6EB0AC00923545 /* RecipeCategory.h */ = {isa = PBXFileReference; fileEncoding = 4; lastKnownFileType = sourcecode.c.h; path = RecipeCategory.h; sourceTree = "<group>"; };
		79DF791B1B6EB0AC00923545 /* RecipeCategory.m */ = {isa = PBXFileReference; fileEncoding = 4; lastKnownFileType = sourcecode.c.objc; path = RecipeCategory.m; sourceTree = "<group>"; };
		79DF791C1B6EB0AC00923545 /* Ingredient.h */ = {isa = PBXFileReference; fileEncoding = 4; lastKnownFileType = sourcecode.c.h; path = Ingredient.h; sourceTree = "<group>"; };
		79DF791D1B6EB0AC00923545 /* Ingredient.m */ = {isa = PBXFileReference; fileEncoding = 4; lastKnownFileType = sourcecode.c.objc; path = Ingredient.m; sourceTree = "<group>"; };
		79DF791E1B6EB0AC00923545 /* IngredientQuantity.h */ = {isa = PBXFileReference; fileEncoding = 4; lastKnownFileType = sourcecode.c.h; path = IngredientQuantity.h; sourceTree = "<group>"; };
		79DF791F1B6EB0AC00923545 /* IngredientQuantity.m */ = {isa = PBXFileReference; fileEncoding = 4; lastKnownFileType = sourcecode.c.objc; path = IngredientQuantity.m; sourceTree = "<group>"; };
		79DF79211B6EB0AC00923545 /* MyRecipesBook.xcdatamodel */ = {isa = PBXFileReference; lastKnownFileType = wrapper.xcdatamodel; path = MyRecipesBook.xcdatamodel; sourceTree = "<group>"; };
		79DF79221B6EB0AC00923545 /* Recipe.h */ = {isa = PBXFileReference; fileEncoding = 4; lastKnownFileType = sourcecode.c.h; path = Recipe.h; sourceTree = "<group>"; };
		79DF79231B6EB0AC00923545 /* Recipe.m */ = {isa = PBXFileReference; fileEncoding = 4; lastKnownFileType = sourcecode.c.objc; path = Recipe.m; sourceTree = "<group>"; };
		79DF79241B6EB0AC00923545 /* Step.h */ = {isa = PBXFileReference; fileEncoding = 4; lastKnownFileType = sourcecode.c.h; path = Step.h; sourceTree = "<group>"; };
		79DF79251B6EB0AC00923545 /* Step.m */ = {isa = PBXFileReference; fileEncoding = 4; lastKnownFileType = sourcecode.c.objc; path = Step.m; sourceTree = "<group>"; };
		79DF79261B6EB0AC00923545 /* SubCategory.h */ = {isa = PBXFileReference; fileEncoding = 4; lastKnownFileType = sourcecode.c.h; path = SubCategory.h; sourceTree = "<group>"; };
		79DF79271B6EB0AC00923545 /* SubCategory.m */ = {isa = PBXFileReference; fileEncoding = 4; lastKnownFileType = sourcecode.c.objc; path = SubCategory.m; sourceTree = "<group>"; };
		79DF79281B6EB0AC00923545 /* Tool.h */ = {isa = PBXFileReference; fileEncoding = 4; lastKnownFileType = sourcecode.c.h; path = Tool.h; sourceTree = "<group>"; };
		79DF79291B6EB0AC00923545 /* Tool.m */ = {isa = PBXFileReference; fileEncoding = 4; lastKnownFileType = sourcecode.c.objc; path = Tool.m; sourceTree = "<group>"; };
		79DF793B1B6EB32500923545 /* Default-568h@2x.png */ = {isa = PBXFileReference; lastKnownFileType = image.png; path = "Default-568h@2x.png"; sourceTree = "<group>"; };
		79DF793E1B6EB41200923545 /* Info.plist */ = {isa = PBXFileReference; fileEncoding = 4; lastKnownFileType = text.plist.xml; path = Info.plist; sourceTree = "<group>"; };
		79DF793F1B6EB41200923545 /* main.m */ = {isa = PBXFileReference; fileEncoding = 4; lastKnownFileType = sourcecode.c.objc; path = main.m; sourceTree = "<group>"; };
		79DF79401B6EB41200923545 /* MyRecipesBook-Prefix.pch */ = {isa = PBXFileReference; fileEncoding = 4; lastKnownFileType = sourcecode.c.h; path = "MyRecipesBook-Prefix.pch"; sourceTree = "<group>"; };
		79DF79441B6EB42500923545 /* Constants.h */ = {isa = PBXFileReference; fileEncoding = 4; lastKnownFileType = sourcecode.c.h; path = Constants.h; sourceTree = "<group>"; };
		79DF79451B6EB53B00923545 /* CoreData.framework */ = {isa = PBXFileReference; lastKnownFileType = wrapper.framework; name = CoreData.framework; path = System/Library/Frameworks/CoreData.framework; sourceTree = SDKROOT; };
		79DF79481B6EB5AF00923545 /* Foundation.framework */ = {isa = PBXFileReference; lastKnownFileType = wrapper.framework; name = Foundation.framework; path = System/Library/Frameworks/Foundation.framework; sourceTree = SDKROOT; };
/* End PBXFileReference section */

/* Begin PBXFrameworksBuildPhase section */
		796DBF6C1B6E050100A58967 /* Frameworks */ = {
			isa = PBXFrameworksBuildPhase;
			buildActionMask = 2147483647;
			files = (
				79DF79491B6EB5AF00923545 /* Foundation.framework in Frameworks */,
				79DF79461B6EB53B00923545 /* CoreData.framework in Frameworks */,
			);
			runOnlyForDeploymentPostprocessing = 0;
		};
		796DBF8B1B6E050100A58967 /* Frameworks */ = {
			isa = PBXFrameworksBuildPhase;
			buildActionMask = 2147483647;
			files = (
			);
			runOnlyForDeploymentPostprocessing = 0;
		};
/* End PBXFrameworksBuildPhase section */

/* Begin PBXGroup section */
		64F9917A1B6F8A8C00F0DC06 /* View */ = {
			isa = PBXGroup;
			children = (
			);
			name = View;
			path = Class/NewRecipe/View;
			sourceTree = "<group>";
		};
		64F9917B1B6F8D4600F0DC06 /* Home */ = {
			isa = PBXGroup;
			children = (
				64F991811B6F8DB400F0DC06 /* HomeViewController.h */,
				64F991821B6F8DB400F0DC06 /* HomeViewController.m */,
				64F991831B6F8DB400F0DC06 /* HomeViewController.xib */,
			);
			name = Home;
			path = Class/Home;
			sourceTree = "<group>";
		};
		796DBF661B6E050100A58967 = {
			isa = PBXGroup;
			children = (
				79DF793B1B6EB32500923545 /* Default-568h@2x.png */,
				79DF79181B6EB0AC00923545 /* AppGroup */,
				796DBF711B6E050100A58967 /* MyRecipesBook */,
				79DF79471B6EB54A00923545 /* Frameworks */,
				796DBF911B6E050100A58967 /* MyRecipesBookTests */,
				796DBF701B6E050100A58967 /* Products */,
			);
			sourceTree = "<group>";
		};
		796DBF701B6E050100A58967 /* Products */ = {
			isa = PBXGroup;
			children = (
				796DBF6F1B6E050100A58967 /* MyRecipesBook.app */,
				796DBF8E1B6E050100A58967 /* MyRecipesBookTests.xctest */,
			);
			name = Products;
			sourceTree = "<group>";
		};
		796DBF711B6E050100A58967 /* MyRecipesBook */ = {
			isa = PBXGroup;
			children = (
				796DBF761B6E050100A58967 /* AppDelegate.h */,
				796DBF771B6E050100A58967 /* AppDelegate.m */,
				64F9917B1B6F8D4600F0DC06 /* Home */,
				796DBFA81B6E058200A58967 /* NewRecipe */,
				796DBFA11B6E052700A58967 /* DetailViewController.h */,
				796DBFA01B6E052700A58967 /* DetailViewController.m */,
				796DBF851B6E050100A58967 /* Images.xcassets */,
				796DBF871B6E050100A58967 /* LaunchScreen.xib */,
				79DF793D1B6EB41200923545 /* SupportingFiles */,
			);
			path = MyRecipesBook;
			sourceTree = "<group>";
		};
		796DBF911B6E050100A58967 /* MyRecipesBookTests */ = {
			isa = PBXGroup;
			children = (
				796DBF941B6E050100A58967 /* MyRecipesBookTests.m */,
				796DBF921B6E050100A58967 /* Supporting Files */,
			);
			path = MyRecipesBookTests;
			sourceTree = "<group>";
		};
		796DBF921B6E050100A58967 /* Supporting Files */ = {
			isa = PBXGroup;
			children = (
				796DBF931B6E050100A58967 /* Info.plist */,
			);
			name = "Supporting Files";
			sourceTree = "<group>";
		};
		796DBFA81B6E058200A58967 /* NewRecipe */ = {
			isa = PBXGroup;
			children = (
				64F9917A1B6F8A8C00F0DC06 /* View */,
				796DBFA91B6E05E000A58967 /* NewRecipeViewController.h */,
				796DBFAA1B6E05E000A58967 /* NewRecipeViewController.m */,
				796DBFAB1B6E05E000A58967 /* NewRecipeViewController.xib */,
			);
			name = NewRecipe;
			sourceTree = "<group>";
		};
		79DF79181B6EB0AC00923545 /* AppGroup */ = {
			isa = PBXGroup;
			children = (
				79DF79431B6EB42500923545 /* SupportingFiles */,
				79DF79191B6EB0AC00923545 /* CoreData */,
			);
			path = AppGroup;
			sourceTree = SOURCE_ROOT;
		};
		79DF79191B6EB0AC00923545 /* CoreData */ = {
			isa = PBXGroup;
			children = (
				79DF79201B6EB0AC00923545 /* MyRecipesBook.xcdatamodeld */,
				79DF791A1B6EB0AC00923545 /* RecipeCategory.h */,
				79DF791B1B6EB0AC00923545 /* RecipeCategory.m */,
				79DF791C1B6EB0AC00923545 /* Ingredient.h */,
				79DF791D1B6EB0AC00923545 /* Ingredient.m */,
				79DF791E1B6EB0AC00923545 /* IngredientQuantity.h */,
				79DF791F1B6EB0AC00923545 /* IngredientQuantity.m */,
				79DF79221B6EB0AC00923545 /* Recipe.h */,
				79DF79231B6EB0AC00923545 /* Recipe.m */,
				79DF79241B6EB0AC00923545 /* Step.h */,
				79DF79251B6EB0AC00923545 /* Step.m */,
				79DF79261B6EB0AC00923545 /* SubCategory.h */,
				79DF79271B6EB0AC00923545 /* SubCategory.m */,
				79DF79281B6EB0AC00923545 /* Tool.h */,
				79DF79291B6EB0AC00923545 /* Tool.m */,
			);
			path = CoreData;
			sourceTree = "<group>";
		};
		79DF793D1B6EB41200923545 /* SupportingFiles */ = {
			isa = PBXGroup;
			children = (
				79DF793E1B6EB41200923545 /* Info.plist */,
				79DF793F1B6EB41200923545 /* main.m */,
				79DF79401B6EB41200923545 /* MyRecipesBook-Prefix.pch */,
			);
			path = SupportingFiles;
			sourceTree = "<group>";
		};
		79DF79431B6EB42500923545 /* SupportingFiles */ = {
			isa = PBXGroup;
			children = (
				79DF79441B6EB42500923545 /* Constants.h */,
			);
			path = SupportingFiles;
			sourceTree = "<group>";
		};
		79DF79471B6EB54A00923545 /* Frameworks */ = {
			isa = PBXGroup;
			children = (
				79DF79481B6EB5AF00923545 /* Foundation.framework */,
				79DF79451B6EB53B00923545 /* CoreData.framework */,
			);
			name = Frameworks;
			sourceTree = "<group>";
		};
/* End PBXGroup section */

/* Begin PBXNativeTarget section */
		796DBF6E1B6E050100A58967 /* MyRecipesBook */ = {
			isa = PBXNativeTarget;
			buildConfigurationList = 796DBF981B6E050100A58967 /* Build configuration list for PBXNativeTarget "MyRecipesBook" */;
			buildPhases = (
				796DBF6B1B6E050100A58967 /* Sources */,
				796DBF6C1B6E050100A58967 /* Frameworks */,
				796DBF6D1B6E050100A58967 /* Resources */,
			);
			buildRules = (
			);
			dependencies = (
			);
			name = MyRecipesBook;
			productName = MyRecipesBook;
			productReference = 796DBF6F1B6E050100A58967 /* MyRecipesBook.app */;
			productType = "com.apple.product-type.application";
		};
		796DBF8D1B6E050100A58967 /* MyRecipesBookTests */ = {
			isa = PBXNativeTarget;
			buildConfigurationList = 796DBF9B1B6E050100A58967 /* Build configuration list for PBXNativeTarget "MyRecipesBookTests" */;
			buildPhases = (
				796DBF8A1B6E050100A58967 /* Sources */,
				796DBF8B1B6E050100A58967 /* Frameworks */,
				796DBF8C1B6E050100A58967 /* Resources */,
			);
			buildRules = (
			);
			dependencies = (
				796DBF901B6E050100A58967 /* PBXTargetDependency */,
			);
			name = MyRecipesBookTests;
			productName = MyRecipesBookTests;
			productReference = 796DBF8E1B6E050100A58967 /* MyRecipesBookTests.xctest */;
			productType = "com.apple.product-type.bundle.unit-test";
		};
/* End PBXNativeTarget section */

/* Begin PBXProject section */
		796DBF671B6E050100A58967 /* Project object */ = {
			isa = PBXProject;
			attributes = {
				LastUpgradeCheck = 0640;
				ORGANIZATIONNAME = Ades;
				TargetAttributes = {
					796DBF6E1B6E050100A58967 = {
						CreatedOnToolsVersion = 6.4;
					};
					796DBF8D1B6E050100A58967 = {
						CreatedOnToolsVersion = 6.4;
						TestTargetID = 796DBF6E1B6E050100A58967;
					};
				};
			};
			buildConfigurationList = 796DBF6A1B6E050100A58967 /* Build configuration list for PBXProject "MyRecipesBook" */;
			compatibilityVersion = "Xcode 3.2";
			developmentRegion = English;
			hasScannedForEncodings = 0;
			knownRegions = (
				en,
				Base,
			);
			mainGroup = 796DBF661B6E050100A58967;
			productRefGroup = 796DBF701B6E050100A58967 /* Products */;
			projectDirPath = "";
			projectRoot = "";
			targets = (
				796DBF6E1B6E050100A58967 /* MyRecipesBook */,
				796DBF8D1B6E050100A58967 /* MyRecipesBookTests */,
			);
		};
/* End PBXProject section */

/* Begin PBXResourcesBuildPhase section */
		796DBF6D1B6E050100A58967 /* Resources */ = {
			isa = PBXResourcesBuildPhase;
			buildActionMask = 2147483647;
			files = (
				796DBFAD1B6E05E000A58967 /* NewRecipeViewController.xib in Resources */,
				79DF79411B6EB41200923545 /* Info.plist in Resources */,
				796DBF891B6E050100A58967 /* LaunchScreen.xib in Resources */,
				796DBF861B6E050100A58967 /* Images.xcassets in Resources */,
				64F991851B6F8DB400F0DC06 /* HomeViewController.xib in Resources */,
				79DF793C1B6EB32500923545 /* Default-568h@2x.png in Resources */,
			);
			runOnlyForDeploymentPostprocessing = 0;
		};
		796DBF8C1B6E050100A58967 /* Resources */ = {
			isa = PBXResourcesBuildPhase;
			buildActionMask = 2147483647;
			files = (
			);
			runOnlyForDeploymentPostprocessing = 0;
		};
/* End PBXResourcesBuildPhase section */

/* Begin PBXSourcesBuildPhase section */
		796DBF6B1B6E050100A58967 /* Sources */ = {
			isa = PBXSourcesBuildPhase;
			buildActionMask = 2147483647;
			files = (
				79DF79421B6EB41200923545 /* main.m in Sources */,
				79DF79311B6EB0AC00923545 /* Tool.m in Sources */,
				796DBFA31B6E052700A58967 /* DetailViewController.m in Sources */,
				79DF792E1B6EB0AC00923545 /* Recipe.m in Sources */,
				64F991841B6F8DB400F0DC06 /* HomeViewController.m in Sources */,
				79DF792B1B6EB0AC00923545 /* Ingredient.m in Sources */,
				79DF792D1B6EB0AC00923545 /* MyRecipesBook.xcdatamodeld in Sources */,
				79DF79301B6EB0AC00923545 /* SubCategory.m in Sources */,
				79DF792F1B6EB0AC00923545 /* Step.m in Sources */,
				79DF792A1B6EB0AC00923545 /* RecipeCategory.m in Sources */,
				796DBFAC1B6E05E000A58967 /* NewRecipeViewController.m in Sources */,
				796DBF781B6E050100A58967 /* AppDelegate.m in Sources */,
				79DF792C1B6EB0AC00923545 /* IngredientQuantity.m in Sources */,
			);
			runOnlyForDeploymentPostprocessing = 0;
		};
		796DBF8A1B6E050100A58967 /* Sources */ = {
			isa = PBXSourcesBuildPhase;
			buildActionMask = 2147483647;
			files = (
				796DBF951B6E050100A58967 /* MyRecipesBookTests.m in Sources */,
			);
			runOnlyForDeploymentPostprocessing = 0;
		};
/* End PBXSourcesBuildPhase section */

/* Begin PBXTargetDependency section */
		796DBF901B6E050100A58967 /* PBXTargetDependency */ = {
			isa = PBXTargetDependency;
			target = 796DBF6E1B6E050100A58967 /* MyRecipesBook */;
			targetProxy = 796DBF8F1B6E050100A58967 /* PBXContainerItemProxy */;
		};
/* End PBXTargetDependency section */

/* Begin PBXVariantGroup section */
		796DBF871B6E050100A58967 /* LaunchScreen.xib */ = {
			isa = PBXVariantGroup;
			children = (
				796DBF881B6E050100A58967 /* Base */,
			);
			name = LaunchScreen.xib;
			sourceTree = "<group>";
		};
/* End PBXVariantGroup section */

/* Begin XCBuildConfiguration section */
		796DBF961B6E050100A58967 /* Debug */ = {
			isa = XCBuildConfiguration;
			buildSettings = {
				ALWAYS_SEARCH_USER_PATHS = NO;
				CLANG_CXX_LANGUAGE_STANDARD = "gnu++0x";
				CLANG_CXX_LIBRARY = "libc++";
				CLANG_ENABLE_MODULES = YES;
				CLANG_ENABLE_OBJC_ARC = YES;
				CLANG_WARN_BOOL_CONVERSION = YES;
				CLANG_WARN_CONSTANT_CONVERSION = YES;
				CLANG_WARN_DIRECT_OBJC_ISA_USAGE = YES_ERROR;
				CLANG_WARN_EMPTY_BODY = YES;
				CLANG_WARN_ENUM_CONVERSION = YES;
				CLANG_WARN_INT_CONVERSION = YES;
				CLANG_WARN_OBJC_ROOT_CLASS = YES_ERROR;
				CLANG_WARN_UNREACHABLE_CODE = YES;
				CLANG_WARN__DUPLICATE_METHOD_MATCH = YES;
				"CODE_SIGN_IDENTITY[sdk=iphoneos*]" = "iPhone Developer";
				COPY_PHASE_STRIP = NO;
				DEBUG_INFORMATION_FORMAT = "dwarf-with-dsym";
				ENABLE_STRICT_OBJC_MSGSEND = YES;
				GCC_C_LANGUAGE_STANDARD = gnu99;
				GCC_DYNAMIC_NO_PIC = NO;
				GCC_NO_COMMON_BLOCKS = YES;
				GCC_OPTIMIZATION_LEVEL = 0;
				GCC_PREPROCESSOR_DEFINITIONS = (
					"DEBUG=1",
					"$(inherited)",
				);
				GCC_SYMBOLS_PRIVATE_EXTERN = NO;
				GCC_WARN_64_TO_32_BIT_CONVERSION = YES;
				GCC_WARN_ABOUT_RETURN_TYPE = YES_ERROR;
				GCC_WARN_UNDECLARED_SELECTOR = YES;
				GCC_WARN_UNINITIALIZED_AUTOS = YES_AGGRESSIVE;
				GCC_WARN_UNUSED_FUNCTION = YES;
				GCC_WARN_UNUSED_VARIABLE = YES;
				IPHONEOS_DEPLOYMENT_TARGET = 8.4;
				MTL_ENABLE_DEBUG_INFO = YES;
				ONLY_ACTIVE_ARCH = YES;
				SDKROOT = iphoneos;
				TARGETED_DEVICE_FAMILY = "1,2";
			};
			name = Debug;
		};
		796DBF971B6E050100A58967 /* Release */ = {
			isa = XCBuildConfiguration;
			buildSettings = {
				ALWAYS_SEARCH_USER_PATHS = NO;
				CLANG_CXX_LANGUAGE_STANDARD = "gnu++0x";
				CLANG_CXX_LIBRARY = "libc++";
				CLANG_ENABLE_MODULES = YES;
				CLANG_ENABLE_OBJC_ARC = YES;
				CLANG_WARN_BOOL_CONVERSION = YES;
				CLANG_WARN_CONSTANT_CONVERSION = YES;
				CLANG_WARN_DIRECT_OBJC_ISA_USAGE = YES_ERROR;
				CLANG_WARN_EMPTY_BODY = YES;
				CLANG_WARN_ENUM_CONVERSION = YES;
				CLANG_WARN_INT_CONVERSION = YES;
				CLANG_WARN_OBJC_ROOT_CLASS = YES_ERROR;
				CLANG_WARN_UNREACHABLE_CODE = YES;
				CLANG_WARN__DUPLICATE_METHOD_MATCH = YES;
				"CODE_SIGN_IDENTITY[sdk=iphoneos*]" = "iPhone Developer";
				COPY_PHASE_STRIP = NO;
				DEBUG_INFORMATION_FORMAT = "dwarf-with-dsym";
				ENABLE_NS_ASSERTIONS = NO;
				ENABLE_STRICT_OBJC_MSGSEND = YES;
				GCC_C_LANGUAGE_STANDARD = gnu99;
				GCC_NO_COMMON_BLOCKS = YES;
				GCC_WARN_64_TO_32_BIT_CONVERSION = YES;
				GCC_WARN_ABOUT_RETURN_TYPE = YES_ERROR;
				GCC_WARN_UNDECLARED_SELECTOR = YES;
				GCC_WARN_UNINITIALIZED_AUTOS = YES_AGGRESSIVE;
				GCC_WARN_UNUSED_FUNCTION = YES;
				GCC_WARN_UNUSED_VARIABLE = YES;
				IPHONEOS_DEPLOYMENT_TARGET = 8.4;
				MTL_ENABLE_DEBUG_INFO = NO;
				SDKROOT = iphoneos;
				TARGETED_DEVICE_FAMILY = "1,2";
				VALIDATE_PRODUCT = YES;
			};
			name = Release;
		};
		796DBF991B6E050100A58967 /* Debug */ = {
			isa = XCBuildConfiguration;
			buildSettings = {
				ASSETCATALOG_COMPILER_APPICON_NAME = AppIcon;
				GCC_PRECOMPILE_PREFIX_HEADER = YES;
				GCC_PREFIX_HEADER = "$(SRCROOT)/MyRecipesBook/SupportingFiles/MyRecipesBook-Prefix.pch";
				INFOPLIST_FILE = "$(SRCROOT)/MyRecipesBook/SupportingFiles/Info.plist";
				LD_RUNPATH_SEARCH_PATHS = "$(inherited) @executable_path/Frameworks";
				PRODUCT_NAME = "$(TARGET_NAME)";
			};
			name = Debug;
		};
		796DBF9A1B6E050100A58967 /* Release */ = {
			isa = XCBuildConfiguration;
			buildSettings = {
				ASSETCATALOG_COMPILER_APPICON_NAME = AppIcon;
				GCC_PRECOMPILE_PREFIX_HEADER = YES;
				GCC_PREFIX_HEADER = "$(SRCROOT)/MyRecipesBook/SupportingFiles/MyRecipesBook-Prefix.pch";
				INFOPLIST_FILE = "$(SRCROOT)/MyRecipesBook/SupportingFiles/Info.plist";
				LD_RUNPATH_SEARCH_PATHS = "$(inherited) @executable_path/Frameworks";
				PRODUCT_NAME = "$(TARGET_NAME)";
			};
			name = Release;
		};
		796DBF9C1B6E050100A58967 /* Debug */ = {
			isa = XCBuildConfiguration;
			buildSettings = {
				BUNDLE_LOADER = "$(TEST_HOST)";
				FRAMEWORK_SEARCH_PATHS = (
					"$(SDKROOT)/Developer/Library/Frameworks",
					"$(inherited)",
				);
				GCC_PREPROCESSOR_DEFINITIONS = (
					"DEBUG=1",
					"$(inherited)",
				);
				INFOPLIST_FILE = MyRecipesBookTests/Info.plist;
				LD_RUNPATH_SEARCH_PATHS = "$(inherited) @executable_path/Frameworks @loader_path/Frameworks";
				PRODUCT_NAME = "$(TARGET_NAME)";
				TEST_HOST = "$(BUILT_PRODUCTS_DIR)/MyRecipesBook.app/MyRecipesBook";
			};
			name = Debug;
		};
		796DBF9D1B6E050100A58967 /* Release */ = {
			isa = XCBuildConfiguration;
			buildSettings = {
				BUNDLE_LOADER = "$(TEST_HOST)";
				FRAMEWORK_SEARCH_PATHS = (
					"$(SDKROOT)/Developer/Library/Frameworks",
					"$(inherited)",
				);
				INFOPLIST_FILE = MyRecipesBookTests/Info.plist;
				LD_RUNPATH_SEARCH_PATHS = "$(inherited) @executable_path/Frameworks @loader_path/Frameworks";
				PRODUCT_NAME = "$(TARGET_NAME)";
				TEST_HOST = "$(BUILT_PRODUCTS_DIR)/MyRecipesBook.app/MyRecipesBook";
			};
			name = Release;
		};
/* End XCBuildConfiguration section */

/* Begin XCConfigurationList section */
		796DBF6A1B6E050100A58967 /* Build configuration list for PBXProject "MyRecipesBook" */ = {
			isa = XCConfigurationList;
			buildConfigurations = (
				796DBF961B6E050100A58967 /* Debug */,
				796DBF971B6E050100A58967 /* Release */,
			);
			defaultConfigurationIsVisible = 0;
			defaultConfigurationName = Release;
		};
		796DBF981B6E050100A58967 /* Build configuration list for PBXNativeTarget "MyRecipesBook" */ = {
			isa = XCConfigurationList;
			buildConfigurations = (
				796DBF991B6E050100A58967 /* Debug */,
				796DBF9A1B6E050100A58967 /* Release */,
			);
			defaultConfigurationIsVisible = 0;
			defaultConfigurationName = Release;
		};
		796DBF9B1B6E050100A58967 /* Build configuration list for PBXNativeTarget "MyRecipesBookTests" */ = {
			isa = XCConfigurationList;
			buildConfigurations = (
				796DBF9C1B6E050100A58967 /* Debug */,
				796DBF9D1B6E050100A58967 /* Release */,
			);
			defaultConfigurationIsVisible = 0;
			defaultConfigurationName = Release;
		};
/* End XCConfigurationList section */

/* Begin XCVersionGroup section */
		79DF79201B6EB0AC00923545 /* MyRecipesBook.xcdatamodeld */ = {
			isa = XCVersionGroup;
			children = (
				79DF79211B6EB0AC00923545 /* MyRecipesBook.xcdatamodel */,
			);
			currentVersion = 79DF79211B6EB0AC00923545 /* MyRecipesBook.xcdatamodel */;
			path = MyRecipesBook.xcdatamodeld;
			sourceTree = "<group>";
			versionGroupType = wrapper.xcdatamodel;
		};
/* End XCVersionGroup section */
	};
	rootObject = 796DBF671B6E050100A58967 /* Project object */;
}
